
Microsoft Visual Studio Solution File, Format Version 12.00
# Visual Studio Version 16
VisualStudioVersion = 16.0.29728.190
MinimumVisualStudioVersion = 10.0.40219.1
Project("{FAE04EC0-301F-11D3-BF4B-00C04F79EFBC}") = "BWDatabase", "BWDatabase\BWDatabase.csproj", "{16FE7F77-91F2-4355-A418-EE126D34BD42}"
EndProject
Global
	GlobalSection(SolutionConfigurationPlatforms) = preSolution
		Debug|Any CPU = Debug|Any CPU
		Release|Any CPU = Release|Any CPU
	EndGlobalSection
	GlobalSection(ProjectConfigurationPlatforms) = postSolution
		{16FE7F77-91F2-4355-A418-EE126D34BD42}.Debug|Any CPU.ActiveCfg = Debug|Any CPU
		{16FE7F77-91F2-4355-A418-EE126D34BD42}.Debug|Any CPU.Build.0 = Debug|Any CPU
		{16FE7F77-91F2-4355-A418-EE126D34BD42}.Release|Any CPU.ActiveCfg = Release|Any CPU
		{16FE7F77-91F2-4355-A418-EE126D34BD42}.Release|Any CPU.Build.0 = Release|Any CPU
	EndGlobalSection
	GlobalSection(SolutionProperties) = preSolution
		HideSolutionNode = FALSE
	EndGlobalSection
	GlobalSection(ExtensibilityGlobals) = postSolution
		SolutionGuid = {E889992B-ACE0-4EF8-8535-DF949AFC3AF2}
	EndGlobalSection
EndGlobal
